Microsoft Visual Studio Solution File, Format Version 12.00
# Visual Studio Version 17
VisualStudioVersion = 17.5.2.0
MinimumVisualStudioVersion = 10.0.40219.1
Project("{FAE04EC0-301F-11D3-BF4B-00C04F79EFBC}") = "WebhookHandler", "WebhookHandler.csproj", "{1EEBB3C5-AA19-BCD8-2874-9E3118F2BEDC}"
EndProject
Global
	GlobalSection(SolutionConfigurationPlatforms) = preSolution
		Debug|Any CPU = Debug|Any CPU
		Release|Any CPU = Release|Any CPU
	EndGlobalSection
	GlobalSection(ProjectConfigurationPlatforms) = postSolution
		{1EEBB3C5-AA19-BCD8-2874-9E3118F2BEDC}.Debug|Any CPU.ActiveCfg = Debug|Any CPU
		{1EEBB3C5-AA19-BCD8-2874-9E3118F2BEDC}.Debug|Any CPU.Build.0 = Debug|Any CPU
		{1EEBB3C5-AA19-BCD8-2874-9E3118F2BEDC}.Release|Any CPU.ActiveCfg = Release|Any CPU
		{1EEBB3C5-AA19-BCD8-2874-9E3118F2BEDC}.Release|Any CPU.Build.0 = Release|Any CPU
	EndGlobalSection
	GlobalSection(SolutionProperties) = preSolution
		HideSolutionNode = FALSE
	EndGlobalSection
	GlobalSection(ExtensibilityGlobals) = postSolution
		SolutionGuid = {20799601-E84B-474E-B9C4-12F235F49EBC}
	EndGlobalSection
EndGlobal
